
Microsoft Visual Studio Solution File, Format Version 12.00
# Visual Studio Version 17
VisualStudioVersion = 17.0.31903.59
MinimumVisualStudioVersion = 10.0.40219.1
Project("{9A19103F-16F7-4668-BE54-9A1E7A4F7556}") = "KelimeDefteriAPI", "KelimeDefteriAPI.csproj", "{0467D9EE-0E9A-44B3-B429-EE12A89571B9}"
EndProject
Project("{2150E333-8FDC-42A3-9474-1A3956D46DE8}") = "Infrastructure", "Infrastructure", "{99BB7605-2324-404B-9A8E-F0D71887C3E5}"
EndProject
Project("{2150E333-8FDC-42A3-9474-1A3956D46DE8}") = "Core", "Core", "{A9D31995-7A5A-4EA3-9E4B-26611965704B}"
EndProject
Project("{9A19103F-16F7-4668-BE54-9A1E7A4F7556}") = "Domain", "..\Core\Domain.csproj", "{6C3AD86D-8486-428A-B488-3BBB80DED36A}"
EndProject
Project("{FAE04EC0-301F-11D3-BF4B-00C04F79EFBC}") = "Application", "..\Application\Application.csproj", "{AA177109-2A87-48B7-ABE9-38CC5239F378}"
EndProject
Project("{FAE04EC0-301F-11D3-BF4B-00C04F79EFBC}") = "Infrastructure", "..\Infrastructure\Infrastructure.csproj", "{548597FF-C87C-43CD-83C6-341D24033E28}"
EndProject
Project("{FAE04EC0-301F-11D3-BF4B-00C04F79EFBC}") = "Persistence", "..\Persistence\Persistence.csproj", "{2F5CE076-4C7B-4FB0-8EC4-B9A42CAF4C7C}"
EndProject
Project("{2150E333-8FDC-42A3-9474-1A3956D46DE8}") = "Presentation", "Presentation", "{2BA2A2C4-6B06-4A06-9500-E5375CC29C16}"
EndProject
Global
	GlobalSection(SolutionConfigurationPlatforms) = preSolution
		Debug|Any CPU = Debug|Any CPU
		Release|Any CPU = Release|Any CPU
	EndGlobalSection
	GlobalSection(ProjectConfigurationPlatforms) = postSolution
		{0467D9EE-0E9A-44B3-B429-EE12A89571B9}.Debug|Any CPU.ActiveCfg = Debug|Any CPU
		{0467D9EE-0E9A-44B3-B429-EE12A89571B9}.Debug|Any CPU.Build.0 = Debug|Any CPU
		{0467D9EE-0E9A-44B3-B429-EE12A89571B9}.Release|Any CPU.ActiveCfg = Release|Any CPU
		{0467D9EE-0E9A-44B3-B429-EE12A89571B9}.Release|Any CPU.Build.0 = Release|Any CPU
		{6C3AD86D-8486-428A-B488-3BBB80DED36A}.Debug|Any CPU.ActiveCfg = Debug|Any CPU
		{6C3AD86D-8486-428A-B488-3BBB80DED36A}.Debug|Any CPU.Build.0 = Debug|Any CPU
		{6C3AD86D-8486-428A-B488-3BBB80DED36A}.Release|Any CPU.ActiveCfg = Release|Any CPU
		{6C3AD86D-8486-428A-B488-3BBB80DED36A}.Release|Any CPU.Build.0 = Release|Any CPU
		{AA177109-2A87-48B7-ABE9-38CC5239F378}.Debug|Any CPU.ActiveCfg = Debug|Any CPU
		{AA177109-2A87-48B7-ABE9-38CC5239F378}.Debug|Any CPU.Build.0 = Debug|Any CPU
		{AA177109-2A87-48B7-ABE9-38CC5239F378}.Release|Any CPU.ActiveCfg = Release|Any CPU
		{AA177109-2A87-48B7-ABE9-38CC5239F378}.Release|Any CPU.Build.0 = Release|Any CPU
		{548597FF-C87C-43CD-83C6-341D24033E28}.Debug|Any CPU.ActiveCfg = Debug|Any CPU
		{548597FF-C87C-43CD-83C6-341D24033E28}.Debug|Any CPU.Build.0 = Debug|Any CPU
		{548597FF-C87C-43CD-83C6-341D24033E28}.Release|Any CPU.ActiveCfg = Release|Any CPU
		{548597FF-C87C-43CD-83C6-341D24033E28}.Release|Any CPU.Build.0 = Release|Any CPU
		{2F5CE076-4C7B-4FB0-8EC4-B9A42CAF4C7C}.Debug|Any CPU.ActiveCfg = Debug|Any CPU
		{2F5CE076-4C7B-4FB0-8EC4-B9A42CAF4C7C}.Debug|Any CPU.Build.0 = Debug|Any CPU
		{2F5CE076-4C7B-4FB0-8EC4-B9A42CAF4C7C}.Release|Any CPU.ActiveCfg = Release|Any CPU
		{2F5CE076-4C7B-4FB0-8EC4-B9A42CAF4C7C}.Release|Any CPU.Build.0 = Release|Any CPU
	EndGlobalSection
	GlobalSection(SolutionProperties) = preSolution
		HideSolutionNode = FALSE
	EndGlobalSection
	GlobalSection(NestedProjects) = preSolution
		{0467D9EE-0E9A-44B3-B429-EE12A89571B9} = {2BA2A2C4-6B06-4A06-9500-E5375CC29C16}
		{6C3AD86D-8486-428A-B488-3BBB80DED36A} = {A9D31995-7A5A-4EA3-9E4B-26611965704B}
		{AA177109-2A87-48B7-ABE9-38CC5239F378} = {A9D31995-7A5A-4EA3-9E4B-26611965704B}
		{548597FF-C87C-43CD-83C6-341D24033E28} = {99BB7605-2324-404B-9A8E-F0D71887C3E5}
		{2F5CE076-4C7B-4FB0-8EC4-B9A42CAF4C7C} = {99BB7605-2324-404B-9A8E-F0D71887C3E5}
	EndGlobalSection
	GlobalSection(ExtensibilityGlobals) = postSolution
		SolutionGuid = {6FD6D8D3-840A-4D39-AC54-AFCAEC672B26}
	EndGlobalSection
EndGlobal
